
Microsoft Visual Studio Solution File, Format Version 12.00
# Visual Studio Version 17
VisualStudioVersion = 17.5.002.0
MinimumVisualStudioVersion = 10.0.40219.1
Project("{FAE04EC0-301F-11D3-BF4B-00C04F79EFBC}") = "estacionamento_dapper", "estacionamento\estacionamento_dapper.csproj", "{E8368FCA-CFB8-4A49-9861-5ACD095B2A90}"
EndProject
Project("{FAE04EC0-301F-11D3-BF4B-00C04F79EFBC}") = "testes", "testes\testes.csproj", "{009247A4-5571-4377-BD8A-FF1A1AD91B83}"
EndProject
Global
	GlobalSection(SolutionConfigurationPlatforms) = preSolution
		Debug|Any CPU = Debug|Any CPU
		Release|Any CPU = Release|Any CPU
	EndGlobalSection
	GlobalSection(ProjectConfigurationPlatforms) = postSolution
		{373A96AE-2211-43A2-8B63-DE788CB8E7F2}.Debug|Any CPU.ActiveCfg = Debug|Any CPU
		{373A96AE-2211-43A2-8B63-DE788CB8E7F2}.Debug|Any CPU.Build.0 = Debug|Any CPU
		{373A96AE-2211-43A2-8B63-DE788CB8E7F2}.Release|Any CPU.ActiveCfg = Release|Any CPU
		{373A96AE-2211-43A2-8B63-DE788CB8E7F2}.Release|Any CPU.Build.0 = Release|Any CPU
		{E8368FCA-CFB8-4A49-9861-5ACD095B2A90}.Debug|Any CPU.ActiveCfg = Debug|Any CPU
		{E8368FCA-CFB8-4A49-9861-5ACD095B2A90}.Debug|Any CPU.Build.0 = Debug|Any CPU
		{E8368FCA-CFB8-4A49-9861-5ACD095B2A90}.Release|Any CPU.ActiveCfg = Release|Any CPU
		{E8368FCA-CFB8-4A49-9861-5ACD095B2A90}.Release|Any CPU.Build.0 = Release|Any CPU
		{009247A4-5571-4377-BD8A-FF1A1AD91B83}.Debug|Any CPU.ActiveCfg = Debug|Any CPU
		{009247A4-5571-4377-BD8A-FF1A1AD91B83}.Debug|Any CPU.Build.0 = Debug|Any CPU
		{009247A4-5571-4377-BD8A-FF1A1AD91B83}.Release|Any CPU.ActiveCfg = Release|Any CPU
		{009247A4-5571-4377-BD8A-FF1A1AD91B83}.Release|Any CPU.Build.0 = Release|Any CPU
	EndGlobalSection
	GlobalSection(SolutionProperties) = preSolution
		HideSolutionNode = FALSE
	EndGlobalSection
	GlobalSection(ExtensibilityGlobals) = postSolution
		SolutionGuid = {E4FEEFDB-78E1-4629-A2A4-3DB7CA37F3EB}
	EndGlobalSection
EndGlobal
